
Microsoft Visual Studio Solution File, Format Version 12.00
# Visual Studio Version 17
VisualStudioVersion = 17.0.31903.59
MinimumVisualStudioVersion = 10.0.40219.1
Project("{FAE04EC0-301F-11D3-BF4B-00C04F79EFBC}") = "TicketingSystem.Domain", "TicketingSystem.Domain\TicketingSystem.Domain.csproj", "{763CBD04-CFE9-4E86-806D-637E88ADC8C8}"
EndProject
Project("{FAE04EC0-301F-11D3-BF4B-00C04F79EFBC}") = "TicketingSystem.Application", "TicketingSystem.Application\TicketingSystem.Application.csproj", "{1F71946B-18F9-4E78-8C99-78BA14C63795}"
EndProject
Project("{FAE04EC0-301F-11D3-BF4B-00C04F79EFBC}") = "TicketingSystem.Infrastructure", "TicketingSystem.Infrastructure\TicketingSystem.Infrastructure.csproj", "{7E4767B9-5F2A-468B-B5D8-5938FF154FE1}"
EndProject
Project("{FAE04EC0-301F-11D3-BF4B-00C04F79EFBC}") = "TicketingSystem.Api", "TicketingSystem.Api\TicketingSystem.Api.csproj", "{B561C985-D138-4CD9-A035-904C02A5BEA9}"
EndProject
Global
	GlobalSection(SolutionConfigurationPlatforms) = preSolution
		Debug|Any CPU = Debug|Any CPU
		Debug|x64 = Debug|x64
		Debug|x86 = Debug|x86
		Release|Any CPU = Release|Any CPU
		Release|x64 = Release|x64
		Release|x86 = Release|x86
	EndGlobalSection
	GlobalSection(ProjectConfigurationPlatforms) = postSolution
		{763CBD04-CFE9-4E86-806D-637E88ADC8C8}.Debug|Any CPU.ActiveCfg = Debug|Any CPU
		{763CBD04-CFE9-4E86-806D-637E88ADC8C8}.Debug|Any CPU.Build.0 = Debug|Any CPU
		{763CBD04-CFE9-4E86-806D-637E88ADC8C8}.Debug|x64.ActiveCfg = Debug|Any CPU
		{763CBD04-CFE9-4E86-806D-637E88ADC8C8}.Debug|x64.Build.0 = Debug|Any CPU
		{763CBD04-CFE9-4E86-806D-637E88ADC8C8}.Debug|x86.ActiveCfg = Debug|Any CPU
		{763CBD04-CFE9-4E86-806D-637E88ADC8C8}.Debug|x86.Build.0 = Debug|Any CPU
		{763CBD04-CFE9-4E86-806D-637E88ADC8C8}.Release|Any CPU.ActiveCfg = Release|Any CPU
		{763CBD04-CFE9-4E86-806D-637E88ADC8C8}.Release|Any CPU.Build.0 = Release|Any CPU
		{763CBD04-CFE9-4E86-806D-637E88ADC8C8}.Release|x64.ActiveCfg = Release|Any CPU
		{763CBD04-CFE9-4E86-806D-637E88ADC8C8}.Release|x64.Build.0 = Release|Any CPU
		{763CBD04-CFE9-4E86-806D-637E88ADC8C8}.Release|x86.ActiveCfg = Release|Any CPU
		{763CBD04-CFE9-4E86-806D-637E88ADC8C8}.Release|x86.Build.0 = Release|Any CPU
		{1F71946B-18F9-4E78-8C99-78BA14C63795}.Debug|Any CPU.ActiveCfg = Debug|Any CPU
		{1F71946B-18F9-4E78-8C99-78BA14C63795}.Debug|Any CPU.Build.0 = Debug|Any CPU
		{1F71946B-18F9-4E78-8C99-78BA14C63795}.Debug|x64.ActiveCfg = Debug|Any CPU
		{1F71946B-18F9-4E78-8C99-78BA14C63795}.Debug|x64.Build.0 = Debug|Any CPU
		{1F71946B-18F9-4E78-8C99-78BA14C63795}.Debug|x86.ActiveCfg = Debug|Any CPU
		{1F71946B-18F9-4E78-8C99-78BA14C63795}.Debug|x86.Build.0 = Debug|Any CPU
		{1F71946B-18F9-4E78-8C99-78BA14C63795}.Release|Any CPU.ActiveCfg = Release|Any CPU
		{1F71946B-18F9-4E78-8C99-78BA14C63795}.Release|Any CPU.Build.0 = Release|Any CPU
		{1F71946B-18F9-4E78-8C99-78BA14C63795}.Release|x64.ActiveCfg = Release|Any CPU
		{1F71946B-18F9-4E78-8C99-78BA14C63795}.Release|x64.Build.0 = Release|Any CPU
		{1F71946B-18F9-4E78-8C99-78BA14C63795}.Release|x86.ActiveCfg = Release|Any CPU
		{1F71946B-18F9-4E78-8C99-78BA14C63795}.Release|x86.Build.0 = Release|Any CPU
		{7E4767B9-5F2A-468B-B5D8-5938FF154FE1}.Debug|Any CPU.ActiveCfg = Debug|Any CPU
		{7E4767B9-5F2A-468B-B5D8-5938FF154FE1}.Debug|Any CPU.Build.0 = Debug|Any CPU
		{7E4767B9-5F2A-468B-B5D8-5938FF154FE1}.Debug|x64.ActiveCfg = Debug|Any CPU
		{7E4767B9-5F2A-468B-B5D8-5938FF154FE1}.Debug|x64.Build.0 = Debug|Any CPU
		{7E4767B9-5F2A-468B-B5D8-5938FF154FE1}.Debug|x86.ActiveCfg = Debug|Any CPU
		{7E4767B9-5F2A-468B-B5D8-5938FF154FE1}.Debug|x86.Build.0 = Debug|Any CPU
		{7E4767B9-5F2A-468B-B5D8-5938FF154FE1}.Release|Any CPU.ActiveCfg = Release|Any CPU
		{7E4767B9-5F2A-468B-B5D8-5938FF154FE1}.Release|Any CPU.Build.0 = Release|Any CPU
		{7E4767B9-5F2A-468B-B5D8-5938FF154FE1}.Release|x64.ActiveCfg = Release|Any CPU
		{7E4767B9-5F2A-468B-B5D8-5938FF154FE1}.Release|x64.Build.0 = Release|Any CPU
		{7E4767B9-5F2A-468B-B5D8-5938FF154FE1}.Release|x86.ActiveCfg = Release|Any CPU
		{7E4767B9-5F2A-468B-B5D8-5938FF154FE1}.Release|x86.Build.0 = Release|Any CPU
		{B561C985-D138-4CD9-A035-904C02A5BEA9}.Debug|Any CPU.ActiveCfg = Debug|Any CPU
		{B561C985-D138-4CD9-A035-904C02A5BEA9}.Debug|Any CPU.Build.0 = Debug|Any CPU
		{B561C985-D138-4CD9-A035-904C02A5BEA9}.Debug|x64.ActiveCfg = Debug|Any CPU
		{B561C985-D138-4CD9-A035-904C02A5BEA9}.Debug|x64.Build.0 = Debug|Any CPU
		{B561C985-D138-4CD9-A035-904C02A5BEA9}.Debug|x86.ActiveCfg = Debug|Any CPU
		{B561C985-D138-4CD9-A035-904C02A5BEA9}.Debug|x86.Build.0 = Debug|Any CPU
		{B561C985-D138-4CD9-A035-904C02A5BEA9}.Release|Any CPU.ActiveCfg = Release|Any CPU
		{B561C985-D138-4CD9-A035-904C02A5BEA9}.Release|Any CPU.Build.0 = Release|Any CPU
		{B561C985-D138-4CD9-A035-904C02A5BEA9}.Release|x64.ActiveCfg = Release|Any CPU
		{B561C985-D138-4CD9-A035-904C02A5BEA9}.Release|x64.Build.0 = Release|Any CPU
		{B561C985-D138-4CD9-A035-904C02A5BEA9}.Release|x86.ActiveCfg = Release|Any CPU
		{B561C985-D138-4CD9-A035-904C02A5BEA9}.Release|x86.Build.0 = Release|Any CPU
	EndGlobalSection
	GlobalSection(SolutionProperties) = preSolution
		HideSolutionNode = FALSE
	EndGlobalSection
EndGlobal
